
Microsoft Visual Studio Solution File, Format Version 12.00
# Visual Studio Version 17
VisualStudioVersion = 17.8.34004.107
MinimumVisualStudioVersion = 10.0.40219.1
Project("{9A19103F-16F7-4668-BE54-9A1E7A4F7556}") = "Automata", "Automata\Automata.csproj", "{4A5F453B-B69E-46CC-83FB-A6088C56A9D4}"
EndProject
Global
	GlobalSection(SolutionConfigurationPlatforms) = preSolution
		Debug|Any CPU = Debug|Any CPU
		Release|Any CPU = Release|Any CPU
	EndGlobalSection
	GlobalSection(ProjectConfigurationPlatforms) = postSolution
		{4A5F453B-B69E-46CC-83FB-A6088C56A9D4}.Debug|Any CPU.ActiveCfg = Debug|Any CPU
		{4A5F453B-B69E-46CC-83FB-A6088C56A9D4}.Debug|Any CPU.Build.0 = Debug|Any CPU
		{4A5F453B-B69E-46CC-83FB-A6088C56A9D4}.Debug|Any CPU.Deploy.0 = Debug|Any CPU
		{4A5F453B-B69E-46CC-83FB-A6088C56A9D4}.Release|Any CPU.ActiveCfg = Release|Any CPU
		{4A5F453B-B69E-46CC-83FB-A6088C56A9D4}.Release|Any CPU.Build.0 = Release|Any CPU
		{4A5F453B-B69E-46CC-83FB-A6088C56A9D4}.Release|Any CPU.Deploy.0 = Release|Any CPU
	EndGlobalSection
	GlobalSection(SolutionProperties) = preSolution
		HideSolutionNode = FALSE
	EndGlobalSection
	GlobalSection(ExtensibilityGlobals) = postSolution
		SolutionGuid = {4B38C2A0-1EC7-419C-ACF2-4EE3E0F41404}
	EndGlobalSection
EndGlobal
